
Microsoft Visual Studio Solution File, Format Version 12.00
# Visual Studio Version 17
VisualStudioVersion = 17.0.31903.59
MinimumVisualStudioVersion = 10.0.40219.1
Project("{FAE04EC0-301F-11D3-BF4B-00C04F79EFBC}") = "BlazorWasmUpdates", "BlazorWasmUpdates.csproj", "{FEEB6E21-59A4-482E-B5E7-8AE11177C231}"
EndProject
Project("{FAE04EC0-301F-11D3-BF4B-00C04F79EFBC}") = "BlazorServerUpdates", "..\BlazorServerUpdates\BlazorServerUpdates.csproj", "{7EF07D29-4291-4642-8E9A-EA0BDB18B7D3}"
EndProject
Global
	GlobalSection(SolutionConfigurationPlatforms) = preSolution
		Debug|Any CPU = Debug|Any CPU
		Release|Any CPU = Release|Any CPU
	EndGlobalSection
	GlobalSection(ProjectConfigurationPlatforms) = postSolution
		{FEEB6E21-59A4-482E-B5E7-8AE11177C231}.Debug|Any CPU.ActiveCfg = Debug|Any CPU
		{FEEB6E21-59A4-482E-B5E7-8AE11177C231}.Debug|Any CPU.Build.0 = Debug|Any CPU
		{FEEB6E21-59A4-482E-B5E7-8AE11177C231}.Release|Any CPU.ActiveCfg = Release|Any CPU
		{FEEB6E21-59A4-482E-B5E7-8AE11177C231}.Release|Any CPU.Build.0 = Release|Any CPU
		{7EF07D29-4291-4642-8E9A-EA0BDB18B7D3}.Debug|Any CPU.ActiveCfg = Debug|Any CPU
		{7EF07D29-4291-4642-8E9A-EA0BDB18B7D3}.Debug|Any CPU.Build.0 = Debug|Any CPU
		{7EF07D29-4291-4642-8E9A-EA0BDB18B7D3}.Release|Any CPU.ActiveCfg = Release|Any CPU
		{7EF07D29-4291-4642-8E9A-EA0BDB18B7D3}.Release|Any CPU.Build.0 = Release|Any CPU
	EndGlobalSection
	GlobalSection(SolutionProperties) = preSolution
		HideSolutionNode = FALSE
	EndGlobalSection
	GlobalSection(ExtensibilityGlobals) = postSolution
		SolutionGuid = {8469B740-160D-4B47-84B6-EAA70F74EE02}
	EndGlobalSection
EndGlobal
